# THIS IS AN AUTOGENERATED FILE. DO NOT EDIT THIS FILE DIRECTLY.
# yarn lockfile v1


"@babel/runtime-corejs3@^7.12.1":
  version "7.12.5"
  resolved "https://registry.npm.taobao.org/@babel/runtime-corejs3/download/@babel/runtime-corejs3-7.12.5.tgz#ffee91da0eb4c6dae080774e94ba606368e414f4"
  integrity sha1-/+6R2g60xtrggHdOlLpgY2jkFPQ=
  dependencies:
    core-js-pure "^3.0.0"
    regenerator-runtime "^0.13.4"

"@sindresorhus/is@^0.14.0":
  version "0.14.0"
  resolved "https://registry.npm.taobao.org/@sindresorhus/is/download/@sindresorhus/is-0.14.0.tgz#9fb3a3cf3132328151f353de4632e01e52102bea"
  integrity sha1-n7OjzzEyMoFR81PeRjLgHlIQK+o=

"@szmarczak/http-timer@^1.1.2":
  version "1.1.2"
  resolved "https://registry.npm.taobao.org/@szmarczak/http-timer/download/@szmarczak/http-timer-1.1.2.tgz#b1665e2c461a2cd92f4c1bbf50d5454de0d4b421"
  integrity sha1-sWZeLEYaLNkvTBu/UNVFTeDUtCE=
  dependencies:
    defer-to-connect "^1.0.1"

ansi-regex@^4.1.0:
  version "4.1.0"
  resolved "https://registry.npm.taobao.org/ansi-regex/download/ansi-regex-4.1.0.tgz#8b9f8f08cf1acb843756a839ca8c7e3168c51997"
  integrity sha1-i5+PCM8ay4Q3Vqg5yox+MWjFGZc=

ansi-styles@^3.2.0:
  version "3.2.1"
  resolved "https://registry.npm.taobao.org/ansi-styles/download/ansi-styles-3.2.1.tgz#41fbb20243e50b12be0f04b8dedbf07520ce841d"
  integrity sha1-QfuyAkPlCxK+DwS43tvwdSDOhB0=
  dependencies:
    color-convert "^1.9.0"

assert-is-object-x@^3.1.2:
  version "3.1.2"
  resolved "https://registry.npm.taobao.org/assert-is-object-x/download/assert-is-object-x-3.1.2.tgz#c13b9cdd3e131e450123b1b8c98c8231c397ea66"
  integrity sha1-wTuc3T4THkUBI7G4yYyCMcOX6mY=
  dependencies:
    is-primitive-x "^1.0.1"
    to-string-symbols-supported-x "^2.1.2"

attempt-x@^2.1.2:
  version "2.1.2"
  resolved "https://registry.npm.taobao.org/attempt-x/download/attempt-x-2.1.2.tgz#75c9c801158b46da7411c6a6e1b85aba56cea13d"
  integrity sha1-dcnIARWLRtp0Ecam4bhaulbOoT0=
  dependencies:
    simple-call-x "^1.0.3"
    util-pusher-x "^1.0.3"

balanced-match@^1.0.0:
  version "1.0.0"
  resolved "https://registry.npm.taobao.org/balanced-match/download/balanced-match-1.0.0.tgz#89b4d199ab2bee49de164ea02b89ce462d71b767"
  integrity sha1-ibTRmasr7kneFk6gK4nORi1xt2c=

brace-expansion@^1.1.7:
  version "1.1.11"
  resolved "https://registry.npm.taobao.org/brace-expansion/download/brace-expansion-1.1.11.tgz#3c7fcbf529d87226f3d2f52b966ff5271eb441dd"
  integrity sha1-PH/L9SnYcibz0vUrlm/1Jx60Qd0=
  dependencies:
    balanced-match "^1.0.0"
    concat-map "0.0.1"

cacheable-request@^6.0.0:
  version "6.1.0"
  resolved "https://registry.npm.taobao.org/cacheable-request/download/cacheable-request-6.1.0.tgz#20ffb8bd162ba4be11e9567d823db651052ca912"
  integrity sha1-IP+4vRYrpL4R6VZ9gj22UQUsqRI=
  dependencies:
    clone-response "^1.0.2"
    get-stream "^5.1.0"
    http-cache-semantics "^4.0.0"
    keyv "^3.0.0"
    lowercase-keys "^2.0.0"
    normalize-url "^4.1.0"
    responselike "^1.0.2"

cached-constructors-x@^2.2.1:
  version "2.2.1"
  resolved "https://registry.npm.taobao.org/cached-constructors-x/download/cached-constructors-x-2.2.1.tgz#868ca94ef202ec3ffa2fd375d4fa4ea0cce269d7"
  integrity sha1-hoypTvIC7D/6L9N11PpOoMziadc=
  dependencies:
    noop-x "^1.2.1"

camelcase@^5.0.0:
  version "5.3.1"
  resolved "https://registry.npm.taobao.org/camelcase/download/camelcase-5.3.1.tgz?cache=0&sync_timestamp=1603924977632&other_urls=https%3A%2F%2Fregistry.npm.taobao.org%2Fcamelcase%2Fdownload%2Fcamelcase-5.3.1.tgz#e3c9b31569e106811df242f715725a1f4c494320"
  integrity sha1-48mzFWnhBoEd8kL3FXJaH0xJQyA=

cliui@^5.0.0:
  version "5.0.0"
  resolved "https://registry.npm.taobao.org/cliui/download/cliui-5.0.0.tgz#deefcfdb2e800784aa34f46fa08e06851c7bbbc5"
  integrity sha1-3u/P2y6AB4SqNPRvoI4GhRx7u8U=
  dependencies:
    string-width "^3.1.0"
    strip-ansi "^5.2.0"
    wrap-ansi "^5.1.0"

clone-response@^1.0.2:
  version "1.0.2"
  resolved "https://registry.npm.taobao.org/clone-response/download/clone-response-1.0.2.tgz#d1dc973920314df67fbeb94223b4ee350239e96b"
  integrity sha1-0dyXOSAxTfZ/vrlCI7TuNQI56Ws=
  dependencies:
    mimic-response "^1.0.0"

color-convert@^1.9.0:
  version "1.9.3"
  resolved "https://registry.npm.taobao.org/color-convert/download/color-convert-1.9.3.tgz#bb71850690e1f136567de629d2d5471deda4c1e8"
  integrity sha1-u3GFBpDh8TZWfeYp0tVHHe2kweg=
  dependencies:
    color-name "1.1.3"

color-name@1.1.3:
  version "1.1.3"
  resolved "https://registry.npm.taobao.org/color-name/download/color-name-1.1.3.tgz#a7d0558bd89c42f795dd42328f740831ca53bc25"
  integrity sha1-p9BVi9icQveV3UIyj3QIMcpTvCU=

colors@^1.3.3:
  version "1.4.0"
  resolved "https://registry.npm.taobao.org/colors/download/colors-1.4.0.tgz#c50491479d4c1bdaed2c9ced32cf7c7dc2360f78"
  integrity sha1-xQSRR51MG9rtLJztMs98fcI2D3g=

concat-map@0.0.1:
  version "0.0.1"
  resolved "https://registry.npm.taobao.org/concat-map/download/concat-map-0.0.1.tgz#d8a96bd77fd68df7793a73036a3ba0d5405d477b"
  integrity sha1-2Klr13/Wjfd5OnMDajug1UBdR3s=

core-js-pure@^3.0.0:
  version "3.8.2"
  resolved "https://registry.npm.taobao.org/core-js-pure/download/core-js-pure-3.8.2.tgz#286f885c0dac1cdcd6d78397392abc25ddeca225"
  integrity sha1-KG+IXA2sHNzW14OXOSq8Jd3soiU=

decamelize@^1.2.0:
  version "1.2.0"
  resolved "https://registry.npm.taobao.org/decamelize/download/decamelize-1.2.0.tgz?cache=0&sync_timestamp=1610348726858&other_urls=https%3A%2F%2Fregistry.npm.taobao.org%2Fdecamelize%2Fdownload%2Fdecamelize-1.2.0.tgz#f6534d15148269b20352e7bee26f501f9a191290"
  integrity sha1-9lNNFRSCabIDUue+4m9QH5oZEpA=

decompress-response@^3.3.0:
  version "3.3.0"
  resolved "https://registry.npm.taobao.org/decompress-response/download/decompress-response-3.3.0.tgz?cache=0&sync_timestamp=1599054408132&other_urls=https%3A%2F%2Fregistry.npm.taobao.org%2Fdecompress-response%2Fdownload%2Fdecompress-response-3.3.0.tgz#80a4dd323748384bfa248083622aedec982adff3"
  integrity sha1-gKTdMjdIOEv6JICDYirt7Jgq3/M=
  dependencies:
    mimic-response "^1.0.0"

deep-extend@^0.6.0:
  version "0.6.0"
  resolved "https://registry.npm.taobao.org/deep-extend/download/deep-extend-0.6.0.tgz#c4fa7c95404a17a9c3e8ca7e1537312b736330ac"
  integrity sha1-xPp8lUBKF6nD6Mp+FTcxK3NjMKw=

defer-to-connect@^1.0.1:
  version "1.1.3"
  resolved "https://registry.npm.taobao.org/defer-to-connect/download/defer-to-connect-1.1.3.tgz#331ae050c08dcf789f8c83a7b81f0ed94f4ac591"
  integrity sha1-MxrgUMCNz3ifjIOnuB8O2U9KxZE=

duplexer3@^0.1.4:
  version "0.1.4"
  resolved "https://registry.npm.taobao.org/duplexer3/download/duplexer3-0.1.4.tgz#ee01dd1cac0ed3cbc7fdbea37dc0a8f1ce002ce2"
  integrity sha1-7gHdHKwO08vH/b6jfcCo8c4ALOI=

emoji-regex@^7.0.1:
  version "7.0.3"
  resolved "https://registry.npm.taobao.org/emoji-regex/download/emoji-regex-7.0.3.tgz?cache=0&sync_timestamp=1603212324650&other_urls=https%3A%2F%2Fregistry.npm.taobao.org%2Femoji-regex%2Fdownload%2Femoji-regex-7.0.3.tgz#933a04052860c85e83c122479c4748a8e4c72156"
  integrity sha1-kzoEBShgyF6DwSJHnEdIqOTHIVY=

end-of-stream@^1.1.0:
  version "1.4.4"
  resolved "https://registry.npm.taobao.org/end-of-stream/download/end-of-stream-1.4.4.tgz#5ae64a5f45057baf3626ec14da0ca5e4b2431eb0"
  integrity sha1-WuZKX0UFe682JuwU2gyl5LJDHrA=
  dependencies:
    once "^1.4.0"

find-up@^3.0.0:
  version "3.0.0"
  resolved "https://registry.npm.taobao.org/find-up/download/find-up-3.0.0.tgz?cache=0&sync_timestamp=1599054313725&other_urls=https%3A%2F%2Fregistry.npm.taobao.org%2Ffind-up%2Fdownload%2Ffind-up-3.0.0.tgz#49169f1d7993430646da61ecc5ae355c21c97b73"
  integrity sha1-SRafHXmTQwZG2mHsxa41XCHJe3M=
  dependencies:
    locate-path "^3.0.0"

get-caller-file@^2.0.1:
  version "2.0.5"
  resolved "https://registry.npm.taobao.org/get-caller-file/download/get-caller-file-2.0.5.tgz#4f94412a82db32f36e3b0b9741f8a97feb031f7e"
  integrity sha1-T5RBKoLbMvNuOwuXQfipf+sDH34=

get-stream@^4.1.0:
  version "4.1.0"
  resolved "https://registry.npm.taobao.org/get-stream/download/get-stream-4.1.0.tgz?cache=0&sync_timestamp=1597056536790&other_urls=https%3A%2F%2Fregistry.npm.taobao.org%2Fget-stream%2Fdownload%2Fget-stream-4.1.0.tgz#c1b255575f3dc21d59bfc79cd3d2b46b1c3a54b5"
  integrity sha1-wbJVV189wh1Zv8ec09K0axw6VLU=
  dependencies:
    pump "^3.0.0"

get-stream@^5.1.0:
  version "5.2.0"
  resolved "https://registry.npm.taobao.org/get-stream/download/get-stream-5.2.0.tgz?cache=0&sync_timestamp=1597056536790&other_urls=https%3A%2F%2Fregistry.npm.taobao.org%2Fget-stream%2Fdownload%2Fget-stream-5.2.0.tgz#4966a1795ee5ace65e706c4b7beb71257d6e22d3"
  integrity sha1-SWaheV7lrOZecGxLe+txJX1uItM=
  dependencies:
    pump "^3.0.0"

got@^9.6.0:
  version "9.6.0"
  resolved "https://registry.npm.taobao.org/got/download/got-9.6.0.tgz?cache=0&sync_timestamp=1607657974129&other_urls=https%3A%2F%2Fregistry.npm.taobao.org%2Fgot%2Fdownload%2Fgot-9.6.0.tgz#edf45e7d67f99545705de1f7bbeeeb121765ed85"
  integrity sha1-7fRefWf5lUVwXeH3u+7rEhdl7YU=
  dependencies:
    "@sindresorhus/is" "^0.14.0"
    "@szmarczak/http-timer" "^1.1.2"
    cacheable-request "^6.0.0"
    decompress-response "^3.3.0"
    duplexer3 "^0.1.4"
    get-stream "^4.1.0"
    lowercase-keys "^1.0.1"
    mimic-response "^1.0.1"
    p-cancelable "^1.0.0"
    to-readable-stream "^1.0.0"
    url-parse-lax "^3.0.0"

has-boxed-string-x@^2.1.1:
  version "2.1.1"
  resolved "https://registry.npm.taobao.org/has-boxed-string-x/download/has-boxed-string-x-2.1.1.tgz#8356e83786969ab9764009bc435c6ac3f4d86b87"
  integrity sha1-g1boN4aWmrl2QAm8Q1xqw/TYa4c=

has-own-property-x@^4.1.2:
  version "4.1.2"
  resolved "https://registry.npm.taobao.org/has-own-property-x/download/has-own-property-x-4.1.2.tgz#87db16a54baa28e5bf69d0bd11dda475d1fdbbe3"
  integrity sha1-h9sWpUuqKOW/adC9Ed2kddH9u+M=
  dependencies:
    simple-methodize-x "^1.0.4"
    to-object-x "^2.2.1"
    to-property-key-x "^3.1.2"

has-symbol-support-x@^2.1.2:
  version "2.1.2"
  resolved "https://registry.npm.taobao.org/has-symbol-support-x/download/has-symbol-support-x-2.1.2.tgz#1e9b8088cb800d41f3855969c34eba09ccaadfdb"
  integrity sha1-HpuAiMuADUHzhVlpw066Ccyq39s=
  dependencies:
    attempt-x "^2.1.2"
    is-symbol "^1.0.2"

has-symbols@^1.0.1:
  version "1.0.1"
  resolved "https://registry.npm.taobao.org/has-symbols/download/has-symbols-1.0.1.tgz#9f5214758a44196c406d9bd76cebf81ec2dd31e8"
  integrity sha1-n1IUdYpEGWxAbZvXbOv4HsLdMeg=

has-to-string-tag-x@^2.1.2:
  version "2.1.2"
  resolved "https://registry.npm.taobao.org/has-to-string-tag-x/download/has-to-string-tag-x-2.1.2.tgz#23d8074d174149f06352f5a34b619fde286c252f"
  integrity sha1-I9gHTRdBSfBjUvWjS2Gf3ihsJS8=
  dependencies:
    has-symbol-support-x "^2.1.2"
    is-symbol "^1.0.2"

has-working-bind-x@^1.0.1:
  version "1.0.1"
  resolved "https://registry.npm.taobao.org/has-working-bind-x/download/has-working-bind-x-1.0.1.tgz#ab8294e347d2b0eb9db22365a1cdd5d3bd0d958f"
  integrity sha1-q4KU40fSsOudsiNloc3V070NlY8=
  dependencies:
    noop-x "^1.2.1"

http-cache-semantics@^4.0.0:
  version "4.1.0"
  resolved "https://registry.npm.taobao.org/http-cache-semantics/download/http-cache-semantics-4.1.0.tgz#49e91c5cbf36c9b94bcfcd71c23d5249ec74e390"
  integrity sha1-SekcXL82yblLz81xwj1SSex045A=

infinity-x@^2.2.1:
  version "2.2.1"
  resolved "https://registry.npm.taobao.org/infinity-x/download/infinity-x-2.2.1.tgz#7add93f24c412ebe446cea6dead08160f216a8ea"
  integrity sha1-et2T8kxBLr5EbOpt6tCBYPIWqOo=

ini@~1.3.0:
  version "1.3.8"
  resolved "https://registry.npm.taobao.org/ini/download/ini-1.3.8.tgz?cache=0&sync_timestamp=1607907802342&other_urls=https%3A%2F%2Fregistry.npm.taobao.org%2Fini%2Fdownload%2Fini-1.3.8.tgz#a29da425b48806f34767a4efce397269af28432c"
  integrity sha1-op2kJbSIBvNHZ6Tvzjlyaa8oQyw=

is-date-object@^1.0.1:
  version "1.0.2"
  resolved "https://registry.npm.taobao.org/is-date-object/download/is-date-object-1.0.2.tgz#bda736f2cd8fd06d32844e7743bfa7494c3bfd7e"
  integrity sha1-vac28s2P0G0yhE53Q7+nSUw7/X4=

is-finite-x@^4.2.1:
  version "4.2.1"
  resolved "https://registry.npm.taobao.org/is-finite-x/download/is-finite-x-4.2.1.tgz#67da0a825b64a93278bc4da0638dc687583633a5"
  integrity sha1-Z9oKgltkqTJ4vE2gY43Gh1g2M6U=
  dependencies:
    infinity-x "^2.2.1"
    is-nan-x "^2.1.1"

is-fullwidth-code-point@^2.0.0:
  version "2.0.0"
  resolved "https://registry.npm.taobao.org/is-fullwidth-code-point/download/is-fullwidth-code-point-2.0.0.tgz#a3b30a5c4f199183167aaab93beefae3ddfb654f"
  integrity sha1-o7MKXE8ZkYMWeqq5O+764937ZU8=

is-function-x@^4.1.2:
  version "4.1.2"
  resolved "https://registry.npm.taobao.org/is-function-x/download/is-function-x-4.1.2.tgz#0a3879de32d9c1ba58e5df0b7f8a3921786cff6f"
  integrity sha1-Cjh53jLZwbpY5d8Lf4o5IXhs/28=
  dependencies:
    attempt-x "^2.1.2"
    has-to-string-tag-x "^2.1.2"
    is-primitive-x "^1.0.1"
    normalize-space-x "^4.1.2"
    replace-comments-x "^3.1.2"
    simple-methodize-x "^1.0.4"
    to-boolean-x "^2.1.1"
    to-string-tag-x "^2.1.2"

is-index-x@^2.1.2:
  version "2.1.2"
  resolved "https://registry.npm.taobao.org/is-index-x/download/is-index-x-2.1.2.tgz#808fadf7c2e17b4e5b04cb86e46a95415a6cae9f"
  integrity sha1-gI+t98Lhe05bBMuG5GqVQVpsrp8=
  dependencies:
    math-clamp-x "^3.2.2"
    to-integer-x "^4.2.2"
    to-number-x "^3.2.2"
    to-string-symbols-supported-x "^2.1.2"

is-nan-x@^2.1.1:
  version "2.1.1"
  resolved "https://registry.npm.taobao.org/is-nan-x/download/is-nan-x-2.1.1.tgz#238d2d2782b186efefb2560f2810bd45c48141da"
  integrity sha1-I40tJ4Kxhu/vslYPKBC9RcSBQdo=

is-nil-x@^2.1.1:
  version "2.1.1"
  resolved "https://registry.npm.taobao.org/is-nil-x/download/is-nil-x-2.1.1.tgz#534beb0337a60603e88f0f02ffdbf2d11a32b491"
  integrity sha1-U0vrAzemBgPojw8C/9vy0RoytJE=

is-object-like-x@^2.1.2:
  version "2.1.2"
  resolved "https://registry.npm.taobao.org/is-object-like-x/download/is-object-like-x-2.1.2.tgz#5341c102f658c5440341115af84ee5e4f8a52c5b"
  integrity sha1-U0HBAvZYxUQDQRFa+E7l5PilLFs=
  dependencies:
    is-function-x "^4.1.2"
    is-primitive-x "^1.0.1"

is-primitive-x@^1.0.1:
  version "1.0.1"
  resolved "https://registry.npm.taobao.org/is-primitive-x/download/is-primitive-x-1.0.1.tgz#0e9b8e4f1bd1ef39d8ad2cc78dbab291b4e7380a"
  integrity sha1-DpuOTxvR7znYrSzHjbqykbTnOAo=

is-regexp-x@^3.1.2:
  version "3.1.2"
  resolved "https://registry.npm.taobao.org/is-regexp-x/download/is-regexp-x-3.1.2.tgz#032f08f9d0ba541c1ee3916ae27d26bffea9a2ad"
  integrity sha1-Ay8I+dC6VBwe45Fq4n0mv/6poq0=
  dependencies:
    has-own-property-x "^4.1.2"
    has-to-string-tag-x "^2.1.2"
    is-object-like-x "^2.1.2"
    object-define-property-x "^5.1.2"
    object-get-own-property-descriptor-x "^4.1.2"
    simple-methodize-x "^1.0.4"
    to-string-tag-x "^2.1.2"

is-string@^1.0.4:
  version "1.0.5"
  resolved "https://registry.npm.taobao.org/is-string/download/is-string-1.0.5.tgz#40493ed198ef3ff477b8c7f92f644ec82a5cd3a6"
  integrity sha1-QEk+0ZjvP/R3uMf5L2ROyCpc06Y=

is-symbol@^1.0.2:
  version "1.0.3"
  resolved "https://registry.npm.taobao.org/is-symbol/download/is-symbol-1.0.3.tgz#38e1014b9e6329be0de9d24a414fd7441ec61937"
  integrity sha1-OOEBS55jKb4N6dJKQU/XRB7GGTc=
  dependencies:
    has-symbols "^1.0.1"

json-buffer@3.0.0:
  version "3.0.0"
  resolved "https://registry.npm.taobao.org/json-buffer/download/json-buffer-3.0.0.tgz#5b1f397afc75d677bde8bcfc0e47e1f9a3d9a898"
  integrity sha1-Wx85evx11ne96Lz8Dkfh+aPZqJg=

keyv@^3.0.0:
  version "3.1.0"
  resolved "https://registry.npm.taobao.org/keyv/download/keyv-3.1.0.tgz#ecc228486f69991e49e9476485a5be1e8fc5c4d9"
  integrity sha1-7MIoSG9pmR5J6UdkhaW+Ho/FxNk=
  dependencies:
    json-buffer "3.0.0"

latest-version@^5.1.0:
  version "5.1.0"
  resolved "https://registry.npm.taobao.org/latest-version/download/latest-version-5.1.0.tgz#119dfe908fe38d15dfa43ecd13fa12ec8832face"
  integrity sha1-EZ3+kI/jjRXfpD7NE/oS7Igy+s4=
  dependencies:
    package-json "^6.3.0"

locate-path@^3.0.0:
  version "3.0.0"
  resolved "https://registry.npm.taobao.org/locate-path/download/locate-path-3.0.0.tgz?cache=0&sync_timestamp=1597081764621&other_urls=https%3A%2F%2Fregistry.npm.taobao.org%2Flocate-path%2Fdownload%2Flocate-path-3.0.0.tgz#dbec3b3ab759758071b58fe59fc41871af21400e"
  integrity sha1-2+w7OrdZdYBxtY/ln8QYca8hQA4=
  dependencies:
    p-locate "^3.0.0"
    path-exists "^3.0.0"

lodash@^4.17.15:
  version "4.17.20"
  resolved "https://registry.npm.taobao.org/lodash/download/lodash-4.17.20.tgz#b44a9b6297bcb698f1c51a3545a2b3b368d59c52"
  integrity sha1-tEqbYpe8tpjxxRo1RaKzs2jVnFI=

lowercase-keys@^1.0.0, lowercase-keys@^1.0.1:
  version "1.0.1"
  resolved "https://registry.npm.taobao.org/lowercase-keys/download/lowercase-keys-1.0.1.tgz#6f9e30b47084d971a7c820ff15a6c5167b74c26f"
  integrity sha1-b54wtHCE2XGnyCD/FabFFnt0wm8=

lowercase-keys@^2.0.0:
  version "2.0.0"
  resolved "https://registry.npm.taobao.org/lowercase-keys/download/lowercase-keys-2.0.0.tgz#2603e78b7b4b0006cbca2fbcc8a3202558ac9479"
  integrity sha1-JgPni3tLAAbLyi+8yKMgJVislHk=

math-clamp-x@^3.2.2:
  version "3.2.2"
  resolved "https://registry.npm.taobao.org/math-clamp-x/download/math-clamp-x-3.2.2.tgz#3944bea3f1c45ad47978f993d8fadec74b5de45f"
  integrity sha1-OUS+o/HEWtR5ePmT2Prex0td5F8=
  dependencies:
    to-number-x "^3.2.2"

math-sign-x@^4.2.2:
  version "4.2.2"
  resolved "https://registry.npm.taobao.org/math-sign-x/download/math-sign-x-4.2.2.tgz#c7989a893ea21f5ea89eb3da6f70c5f33a543df2"
  integrity sha1-x5iaiT6iH16onrPab3DF8zpUPfI=
  dependencies:
    is-nan-x "^2.1.1"
    to-number-x "^3.2.2"

mimic-response@^1.0.0, mimic-response@^1.0.1:
  version "1.0.1"
  resolved "https://registry.npm.taobao.org/mimic-response/download/mimic-response-1.0.1.tgz#4923538878eef42063cb8a3e3b0798781487ab1b"
  integrity sha1-SSNTiHju9CBjy4o+OweYeBSHqxs=

minimatch@^3.0.4:
  version "3.0.4"
  resolved "https://registry.npm.taobao.org/minimatch/download/minimatch-3.0.4.tgz#5166e286457f03306064be5497e8dbb0c3d32083"
  integrity sha1-UWbihkV/AzBgZL5Ul+jbsMPTIIM=
  dependencies:
    brace-expansion "^1.1.7"

minimist@^1.2.0:
  version "1.2.5"
  resolved "https://registry.npm.taobao.org/minimist/download/minimist-1.2.5.tgz#67d66014b66a6a8aaa0c083c5fd58df4e4e97602"
  integrity sha1-Z9ZgFLZqaoqqDAg8X9WN9OTpdgI=

nan-x@^2.2.1:
  version "2.2.1"
  resolved "https://registry.npm.taobao.org/nan-x/download/nan-x-2.2.1.tgz#0b4a7c0cdc1490139af77af8914f564e413f47c0"
  integrity sha1-C0p8DNwUkBOa93r4kU9WTkE/R8A=

noop-x@^1.2.1:
  version "1.2.1"
  resolved "https://registry.npm.taobao.org/noop-x/download/noop-x-1.2.1.tgz#bcaba2321798f41839614674b3acf7c809536f50"
  integrity sha1-vKuiMheY9Bg5YUZ0s6z3yAlTb1A=

normalize-space-x@^4.1.2:
  version "4.1.2"
  resolved "https://registry.npm.taobao.org/normalize-space-x/download/normalize-space-x-4.1.2.tgz#cfb3b6548552ca7e62aa7f04f46f40edf16b6437"
  integrity sha1-z7O2VIVSyn5iqn8E9G9A7fFrZDc=
  dependencies:
    simple-methodize-x "^1.0.4"
    trim-x "^4.1.2"
    white-space-x "^4.1.1"

normalize-url@^4.1.0:
  version "4.5.0"
  resolved "https://registry.npm.taobao.org/normalize-url/download/normalize-url-4.5.0.tgz#453354087e6ca96957bd8f5baf753f5982142129"
  integrity sha1-RTNUCH5sqWlXvY9br3U/WYIUISk=

object-define-property-x@^5.1.2:
  version "5.1.2"
  resolved "https://registry.npm.taobao.org/object-define-property-x/download/object-define-property-x-5.1.2.tgz#75d7271a95450050ed47a5cba86ac84b291f34f7"
  integrity sha1-ddcnGpVFAFDtR6XLqGrISykfNPc=
  dependencies:
    assert-is-object-x "^3.1.2"
    attempt-x "^2.1.2"
    has-own-property-x "^4.1.2"
    has-symbol-support-x "^2.1.2"
    is-function-x "^4.1.2"
    simple-methodize-x "^1.0.4"
    to-boolean-x "^2.1.1"
    to-object-x "^2.2.1"
    to-property-key-x "^3.1.2"

object-get-own-property-descriptor-x@^4.1.2:
  version "4.1.2"
  resolved "https://registry.npm.taobao.org/object-get-own-property-descriptor-x/download/object-get-own-property-descriptor-x-4.1.2.tgz#9022edb2ab0462d9cd1c4e289846f9453f10e0e2"
  integrity sha1-kCLtsqsEYtnNHE4omEb5RT8Q4OI=
  dependencies:
    attempt-x "^2.1.2"
    has-own-property-x "^4.1.2"
    has-symbol-support-x "^2.1.2"
    is-index-x "^2.1.2"
    is-primitive-x "^1.0.1"
    is-string "^1.0.4"
    property-is-enumerable-x "^2.1.2"
    simple-methodize-x "^1.0.4"
    to-boolean-x "^2.1.1"
    to-object-x "^2.2.1"
    to-property-key-x "^3.1.2"

once@^1.3.1, once@^1.4.0:
  version "1.4.0"
  resolved "https://registry.npm.taobao.org/once/download/once-1.4.0.tgz#583b1aa775961d4b113ac17d9c50baef9dd76bd1"
  integrity sha1-WDsap3WWHUsROsF9nFC6753Xa9E=
  dependencies:
    wrappy "1"

p-cancelable@^1.0.0:
  version "1.1.0"
  resolved "https://registry.npm.taobao.org/p-cancelable/download/p-cancelable-1.1.0.tgz?cache=0&sync_timestamp=1599054408378&other_urls=https%3A%2F%2Fregistry.npm.taobao.org%2Fp-cancelable%2Fdownload%2Fp-cancelable-1.1.0.tgz#d078d15a3af409220c886f1d9a0ca2e441ab26cc"
  integrity sha1-0HjRWjr0CSIMiG8dmgyi5EGrJsw=

p-limit@^2.0.0:
  version "2.3.0"
  resolved "https://registry.npm.taobao.org/p-limit/download/p-limit-2.3.0.tgz?cache=0&sync_timestamp=1606288434684&other_urls=https%3A%2F%2Fregistry.npm.taobao.org%2Fp-limit%2Fdownload%2Fp-limit-2.3.0.tgz#3dd33c647a214fdfffd835933eb086da0dc21db1"
  integrity sha1-PdM8ZHohT9//2DWTPrCG2g3CHbE=
  dependencies:
    p-try "^2.0.0"

p-locate@^3.0.0:
  version "3.0.0"
  resolved "https://registry.npm.taobao.org/p-locate/download/p-locate-3.0.0.tgz#322d69a05c0264b25997d9f40cd8a891ab0064a4"
  integrity sha1-Mi1poFwCZLJZl9n0DNiokasAZKQ=
  dependencies:
    p-limit "^2.0.0"

p-try@^2.0.0:
  version "2.2.0"
  resolved "https://registry.npm.taobao.org/p-try/download/p-try-2.2.0.tgz#cb2868540e313d61de58fafbe35ce9004d5540e6"
  integrity sha1-yyhoVA4xPWHeWPr741zpAE1VQOY=

package-json@^6.3.0:
  version "6.5.0"
  resolved "https://registry.npm.taobao.org/package-json/download/package-json-6.5.0.tgz#6feedaca35e75725876d0b0e64974697fed145b0"
  integrity sha1-b+7ayjXnVyWHbQsOZJdGl/7RRbA=
  dependencies:
    got "^9.6.0"
    registry-auth-token "^4.0.0"
    registry-url "^5.0.0"
    semver "^6.2.0"

parse-int-x@^3.2.2:
  version "3.2.2"
  resolved "https://registry.npm.taobao.org/parse-int-x/download/parse-int-x-3.2.2.tgz#59a6ccb08c39681f683ab326d25b2c18f80a1609"
  integrity sha1-WabMsIw5aB9oOrMm0lssGPgKFgk=
  dependencies:
    nan-x "^2.2.1"
    simple-methodize-x "^1.0.4"
    to-string-x "^2.1.1"
    trim-left-x "^4.1.2"

path-exists@^3.0.0:
  version "3.0.0"
  resolved "https://registry.npm.taobao.org/path-exists/download/path-exists-3.0.0.tgz#ce0ebeaa5f78cb18925ea7d810d7b59b010fd515"
  integrity sha1-zg6+ql94yxiSXqfYENe1mwEP1RU=

prepend-http@^2.0.0:
  version "2.0.0"
  resolved "https://registry.npm.taobao.org/prepend-http/download/prepend-http-2.0.0.tgz#e92434bfa5ea8c19f41cdfd401d741a3c819d897"
  integrity sha1-6SQ0v6XqjBn0HN/UAddBo8gZ2Jc=

property-is-enumerable-x@^2.1.2:
  version "2.1.2"
  resolved "https://registry.npm.taobao.org/property-is-enumerable-x/download/property-is-enumerable-x-2.1.2.tgz#9da86cfbfdbfce1c1b37d17cc11ffdbf94f785e9"
  integrity sha1-nahs+/2/zhwbN9F8wR/9v5T3hek=
  dependencies:
    simple-methodize-x "^1.0.4"
    to-object-x "^2.2.1"
    to-property-key-x "^3.1.2"

pump@^3.0.0:
  version "3.0.0"
  resolved "https://registry.npm.taobao.org/pump/download/pump-3.0.0.tgz#b4a2116815bde2f4e1ea602354e8c75565107a64"
  integrity sha1-tKIRaBW94vTh6mAjVOjHVWUQemQ=
  dependencies:
    end-of-stream "^1.1.0"
    once "^1.3.1"

rc@^1.2.8:
  version "1.2.8"
  resolved "https://registry.npm.taobao.org/rc/download/rc-1.2.8.tgz#cd924bf5200a075b83c188cd6b9e211b7fc0d3ed"
  integrity sha1-zZJL9SAKB1uDwYjNa54hG3/A0+0=
  dependencies:
    deep-extend "^0.6.0"
    ini "~1.3.0"
    minimist "^1.2.0"
    strip-json-comments "~2.0.1"

regenerator-runtime@^0.13.4:
  version "0.13.7"
  resolved "https://registry.npm.taobao.org/regenerator-runtime/download/regenerator-runtime-0.13.7.tgz?cache=0&sync_timestamp=1595457422872&other_urls=https%3A%2F%2Fregistry.npm.taobao.org%2Fregenerator-runtime%2Fdownload%2Fregenerator-runtime-0.13.7.tgz#cac2dacc8a1ea675feaabaeb8ae833898ae46f55"
  integrity sha1-ysLazIoepnX+qrrriugziYrkb1U=

registry-auth-token@^4.0.0:
  version "4.2.1"
  resolved "https://registry.npm.taobao.org/registry-auth-token/download/registry-auth-token-4.2.1.tgz#6d7b4006441918972ccd5fedcd41dc322c79b250"
  integrity sha1-bXtABkQZGJcszV/tzUHcMix5slA=
  dependencies:
    rc "^1.2.8"

registry-url@^5.0.0:
  version "5.1.0"
  resolved "https://registry.npm.taobao.org/registry-url/download/registry-url-5.1.0.tgz#e98334b50d5434b81136b44ec638d9c2009c5009"
  integrity sha1-6YM0tQ1UNLgRNrROxjjZwgCcUAk=
  dependencies:
    rc "^1.2.8"

replace-comments-x@^3.1.2:
  version "3.1.2"
  resolved "https://registry.npm.taobao.org/replace-comments-x/download/replace-comments-x-3.1.2.tgz#5eddb1cf0a9a1bc804115f261c7bb8f89cb136b9"
  integrity sha1-Xt2xzwqaG8gEEV8mHHu4+JyxNrk=
  dependencies:
    require-coercible-to-string-x "^2.1.1"
    simple-methodize-x "^1.0.4"
    to-string-x "^2.1.1"

replace-x@^1.7.2:
  version "1.7.2"
  resolved "https://registry.npm.taobao.org/replace-x/download/replace-x-1.7.2.tgz#e4c10897c7c28245a4f3b03bcf6d2c153f5e3839"
  integrity sha1-5MEIl8fCgkWk87A7z20sFT9eODk=
  dependencies:
    colors "^1.3.3"
    is-regexp-x "^3.1.2"
    lodash "^4.17.15"
    minimatch "^3.0.4"
    xregexp "^4.2.4"
    yargs "^14.0.0"

require-coercible-to-string-x@^2.1.1:
  version "2.1.1"
  resolved "https://registry.npm.taobao.org/require-coercible-to-string-x/download/require-coercible-to-string-x-2.1.1.tgz#aec54b7904f9683e499fc39c6fff0a13ac0a9d03"
  integrity sha1-rsVLeQT5aD5Jn8Ocb/8KE6wKnQM=
  dependencies:
    require-object-coercible-x "^2.1.1"
    to-string-x "^2.1.1"

require-directory@^2.1.1:
  version "2.1.1"
  resolved "https://registry.npm.taobao.org/require-directory/download/require-directory-2.1.1.tgz#8c64ad5fd30dab1c976e2344ffe7f792a6a6df42"
  integrity sha1-jGStX9MNqxyXbiNE/+f3kqam30I=

require-main-filename@^2.0.0:
  version "2.0.0"
  resolved "https://registry.npm.taobao.org/require-main-filename/download/require-main-filename-2.0.0.tgz#d0b329ecc7cc0f61649f62215be69af54aa8989b"
  integrity sha1-0LMp7MfMD2Fkn2IhW+aa9UqomJs=

require-object-coercible-x@^2.1.1:
  version "2.1.1"
  resolved "https://registry.npm.taobao.org/require-object-coercible-x/download/require-object-coercible-x-2.1.1.tgz#81bc3179571a7c392f9df7afb85568eef281fa17"
  integrity sha1-gbwxeVcafDkvnfevuFVo7vKB+hc=
  dependencies:
    is-nil-x "^2.1.1"

responselike@^1.0.2:
  version "1.0.2"
  resolved "https://registry.npm.taobao.org/responselike/download/responselike-1.0.2.tgz?cache=0&sync_timestamp=1599054408476&other_urls=https%3A%2F%2Fregistry.npm.taobao.org%2Fresponselike%2Fdownload%2Fresponselike-1.0.2.tgz#918720ef3b631c5642be068f15ade5a46f4ba1e7"
  integrity sha1-kYcg7ztjHFZCvgaPFa3lpG9Loec=
  dependencies:
    lowercase-keys "^1.0.0"

semver@^6.2.0:
  version "6.3.0"
  resolved "https://registry.npm.taobao.org/semver/download/semver-6.3.0.tgz?cache=0&sync_timestamp=1606853944420&other_urls=https%3A%2F%2Fregistry.npm.taobao.org%2Fsemver%2Fdownload%2Fsemver-6.3.0.tgz#ee0a64c8af5e8ceea67687b133761e1becbd1d3d"
  integrity sha1-7gpkyK9ejO6mdoexM3YeG+y9HT0=

set-blocking@^2.0.0:
  version "2.0.0"
  resolved "https://registry.npm.taobao.org/set-blocking/download/set-blocking-2.0.0.tgz#045f9782d011ae9a6803ddd382b24392b3d890f7"
  integrity sha1-BF+XgtARrppoA93TgrJDkrPYkPc=

simple-bind-x@^1.0.3:
  version "1.0.3"
  resolved "https://registry.npm.taobao.org/simple-bind-x/download/simple-bind-x-1.0.3.tgz#05fcab023a5d46213e8358a2ac49cc566ec94495"
  integrity sha1-BfyrAjpdRiE+g1iirEnMVm7JRJU=
  dependencies:
    has-working-bind-x "^1.0.1"
    util-pusher-x "^1.0.3"

simple-call-x@^1.0.3:
  version "1.0.3"
  resolved "https://registry.npm.taobao.org/simple-call-x/download/simple-call-x-1.0.3.tgz#01193b0476993f9ed2eaaff522f70d943399ebb5"
  integrity sha1-ARk7BHaZP57S6q/1IvcNlDOZ67U=
  dependencies:
    simple-bind-x "^1.0.3"
    util-pusher-x "^1.0.3"

simple-methodize-x@^1.0.4:
  version "1.0.4"
  resolved "https://registry.npm.taobao.org/simple-methodize-x/download/simple-methodize-x-1.0.4.tgz#b5dce5a4426503f13103c2c75f8737dbbd2864eb"
  integrity sha1-tdzlpEJlA/ExA8LHX4c3270oZOs=
  dependencies:
    simple-call-x "^1.0.3"
    util-pusher-x "^1.0.3"

string-width@^3.0.0, string-width@^3.1.0:
  version "3.1.0"
  resolved "https://registry.npm.taobao.org/string-width/download/string-width-3.1.0.tgz#22767be21b62af1081574306f69ac51b62203961"
  integrity sha1-InZ74htirxCBV0MG9prFG2IgOWE=
  dependencies:
    emoji-regex "^7.0.1"
    is-fullwidth-code-point "^2.0.0"
    strip-ansi "^5.1.0"

strip-ansi@^5.0.0, strip-ansi@^5.1.0, strip-ansi@^5.2.0:
  version "5.2.0"
  resolved "https://registry.npm.taobao.org/strip-ansi/download/strip-ansi-5.2.0.tgz?cache=0&sync_timestamp=1589682870448&other_urls=https%3A%2F%2Fregistry.npm.taobao.org%2Fstrip-ansi%2Fdownload%2Fstrip-ansi-5.2.0.tgz#8c9a536feb6afc962bdfa5b104a5091c1ad9c0ae"
  integrity sha1-jJpTb+tq/JYr36WxBKUJHBrZwK4=
  dependencies:
    ansi-regex "^4.1.0"

strip-json-comments@~2.0.1:
  version "2.0.1"
  resolved "https://registry.npm.taobao.org/strip-json-comments/download/strip-json-comments-2.0.1.tgz#3c531942e908c2697c0ec344858c286c7ca0a60a"
  integrity sha1-PFMZQukIwml8DsNEhYwobHygpgo=

to-boolean-x@^2.1.1:
  version "2.1.1"
  resolved "https://registry.npm.taobao.org/to-boolean-x/download/to-boolean-x-2.1.1.tgz#1aa3fe266ac00dd853305279100d2ae8b6e848c5"
  integrity sha1-GqP+JmrADdhTMFJ5EA0q6LboSMU=

to-integer-x@^4.2.2:
  version "4.2.2"
  resolved "https://registry.npm.taobao.org/to-integer-x/download/to-integer-x-4.2.2.tgz#70d15c52c3dc403e688592857875efe7a8514e24"
  integrity sha1-cNFcUsPcQD5ohZKFeHXv56hRTiQ=
  dependencies:
    is-finite-x "^4.2.1"
    is-nan-x "^2.1.1"
    math-sign-x "^4.2.2"
    to-number-x "^3.2.2"

to-number-x@^3.2.2:
  version "3.2.2"
  resolved "https://registry.npm.taobao.org/to-number-x/download/to-number-x-3.2.2.tgz#d7bedace072561814c61cf6557ceeab6454f6c03"
  integrity sha1-177azgclYYFMYc9lV87qtkVPbAM=
  dependencies:
    is-symbol "^1.0.2"
    nan-x "^2.2.1"
    parse-int-x "^3.2.2"
    simple-methodize-x "^1.0.4"
    to-primitive-x "^2.1.2"
    trim-x "^4.1.2"

to-object-x@^2.2.1:
  version "2.2.1"
  resolved "https://registry.npm.taobao.org/to-object-x/download/to-object-x-2.2.1.tgz#ab4498f717c5ecb3083a1d44f5c7c03f27402854"
  integrity sha1-q0SY9xfF7LMIOh1E9cfAPydAKFQ=
  dependencies:
    cached-constructors-x "^2.2.1"
    require-object-coercible-x "^2.1.1"

to-primitive-x@^2.1.2:
  version "2.1.2"
  resolved "https://registry.npm.taobao.org/to-primitive-x/download/to-primitive-x-2.1.2.tgz#a1d2a92b5185062f3acd05c8762b192355d05ee5"
  integrity sha1-odKpK1GFBi86zQXIdisZI1XQXuU=
  dependencies:
    has-symbol-support-x "^2.1.2"
    is-date-object "^1.0.1"
    is-function-x "^4.1.2"
    is-nil-x "^2.1.1"
    is-primitive-x "^1.0.1"
    is-symbol "^1.0.2"
    require-object-coercible-x "^2.1.1"
    simple-call-x "^1.0.3"

to-property-key-x@^3.1.2:
  version "3.1.2"
  resolved "https://registry.npm.taobao.org/to-property-key-x/download/to-property-key-x-3.1.2.tgz#5a633ba82f967553f479950e78ee45810de76281"
  integrity sha1-WmM7qC+WdVP0eZUOeO5FgQ3nYoE=
  dependencies:
    has-symbol-support-x "^2.1.2"
    to-primitive-x "^2.1.2"
    to-string-x "^2.1.1"

to-readable-stream@^1.0.0:
  version "1.0.0"
  resolved "https://registry.npm.taobao.org/to-readable-stream/download/to-readable-stream-1.0.0.tgz#ce0aa0c2f3df6adf852efb404a783e77c0475771"
  integrity sha1-zgqgwvPfat+FLvtASng+d8BHV3E=

to-string-symbols-supported-x@^2.1.2:
  version "2.1.2"
  resolved "https://registry.npm.taobao.org/to-string-symbols-supported-x/download/to-string-symbols-supported-x-2.1.2.tgz#a9e3d30f7c7e202bba1e3d074d481f24fd04ced4"
  integrity sha1-qePTD3x+ICu6Hj0HTUgfJP0EztQ=
  dependencies:
    has-symbol-support-x "^2.1.2"
    is-symbol "^1.0.2"

to-string-tag-x@^2.1.2:
  version "2.1.2"
  resolved "https://registry.npm.taobao.org/to-string-tag-x/download/to-string-tag-x-2.1.2.tgz#38cdc86336575f263977380daf2c425f090dd4f7"
  integrity sha1-OM3IYzZXXyY5dzgNryxCXwkN1Pc=
  dependencies:
    simple-methodize-x "^1.0.4"

to-string-x@^2.1.1:
  version "2.1.1"
  resolved "https://registry.npm.taobao.org/to-string-x/download/to-string-x-2.1.1.tgz#b0327c0217cc920b204f027863868b1749a9f814"
  integrity sha1-sDJ8AhfMkgsgTwJ4Y4aLF0mp+BQ=
  dependencies:
    is-symbol "^1.0.2"

trim-left-x@^4.1.2:
  version "4.1.2"
  resolved "https://registry.npm.taobao.org/trim-left-x/download/trim-left-x-4.1.2.tgz#123a2bbbe07d91795c8b3e128c637f16fb386446"
  integrity sha1-Ejoru+B9kXlciz4SjGN/Fvs4ZEY=
  dependencies:
    require-coercible-to-string-x "^2.1.1"
    simple-methodize-x "^1.0.4"
    white-space-x "^4.1.1"

trim-right-x@^4.1.2:
  version "4.1.2"
  resolved "https://registry.npm.taobao.org/trim-right-x/download/trim-right-x-4.1.2.tgz#8041b6b22d9b245e617756631c52a7735332678d"
  integrity sha1-gEG2si2bJF5hd1ZjHFKnc1MyZ40=
  dependencies:
    require-coercible-to-string-x "^2.1.1"
    simple-methodize-x "^1.0.4"
    white-space-x "^4.1.1"

trim-x@^4.1.2:
  version "4.1.2"
  resolved "https://registry.npm.taobao.org/trim-x/download/trim-x-4.1.2.tgz#5316579242bff27476f8bf55a50aeae16dd108d1"
  integrity sha1-UxZXkkK/8nR2+L9VpQrq4W3RCNE=
  dependencies:
    trim-left-x "^4.1.2"
    trim-right-x "^4.1.2"

url-parse-lax@^3.0.0:
  version "3.0.0"
  resolved "https://registry.npm.taobao.org/url-parse-lax/download/url-parse-lax-3.0.0.tgz#16b5cafc07dbe3676c1b1999177823d6503acb0c"
  integrity sha1-FrXK/Afb42dsGxmZF3gj1lA6yww=
  dependencies:
    prepend-http "^2.0.0"

util-pusher-x@^1.0.3:
  version "1.0.3"
  resolved "https://registry.npm.taobao.org/util-pusher-x/download/util-pusher-x-1.0.3.tgz#c5b27cb4fe35002ecc96c203bff6dbc01a645285"
  integrity sha1-xbJ8tP41AC7MlsIDv/bbwBpkUoU=
  dependencies:
    has-boxed-string-x "^2.1.1"
    has-working-bind-x "^1.0.1"
    is-primitive-x "^1.0.1"
    is-string "^1.0.4"

which-module@^2.0.0:
  version "2.0.0"
  resolved "https://registry.npm.taobao.org/which-module/download/which-module-2.0.0.tgz#d9ef07dce77b9902b8a3a8fa4b31c3e3f7e6e87a"
  integrity sha1-2e8H3Od7mQK4o6j6SzHD4/fm6Ho=

white-space-x@^4.1.1:
  version "4.1.1"
  resolved "https://registry.npm.taobao.org/white-space-x/download/white-space-x-4.1.1.tgz#f76a039b7921fc2d521ddba2ac71bc5e6d4b69b7"
  integrity sha1-92oDm3kh/C1SHduirHG8Xm1Labc=

wrap-ansi@^5.1.0:
  version "5.1.0"
  resolved "https://registry.npm.taobao.org/wrap-ansi/download/wrap-ansi-5.1.0.tgz#1fd1f67235d5b6d0fee781056001bfb694c03b09"
  integrity sha1-H9H2cjXVttD+54EFYAG/tpTAOwk=
  dependencies:
    ansi-styles "^3.2.0"
    string-width "^3.0.0"
    strip-ansi "^5.0.0"

wrappy@1:
  version "1.0.2"
  resolved "https://registry.npm.taobao.org/wrappy/download/wrappy-1.0.2.tgz#b5243d8f3ec1aa35f1364605bc0d1036e30ab69f"
  integrity sha1-tSQ9jz7BqjXxNkYFvA0QNuMKtp8=

xregexp@^4.2.4:
  version "4.4.1"
  resolved "https://registry.npm.taobao.org/xregexp/download/xregexp-4.4.1.tgz#c84a88fa79e9ab18ca543959712094492185fe65"
  integrity sha1-yEqI+nnpqxjKVDlZcSCUSSGF/mU=
  dependencies:
    "@babel/runtime-corejs3" "^7.12.1"

y18n@^4.0.0:
  version "4.0.1"
  resolved "https://registry.npm.taobao.org/y18n/download/y18n-4.0.1.tgz#8db2b83c31c5d75099bb890b23f3094891e247d4"
  integrity sha1-jbK4PDHF11CZu4kLI/MJSJHiR9Q=

yargs-parser@^15.0.1:
  version "15.0.1"
  resolved "https://registry.npm.taobao.org/yargs-parser/download/yargs-parser-15.0.1.tgz#54786af40b820dcb2fb8025b11b4d659d76323b3"
  integrity sha1-VHhq9AuCDcsvuAJbEbTWWddjI7M=
  dependencies:
    camelcase "^5.0.0"
    decamelize "^1.2.0"

yargs@^14.0.0:
  version "14.2.3"
  resolved "https://registry.npm.taobao.org/yargs/download/yargs-14.2.3.tgz#1a1c3edced1afb2a2fea33604bc6d1d8d688a414"
  integrity sha1-Ghw+3O0a+yov6jNgS8bR2NaIpBQ=
  dependencies:
    cliui "^5.0.0"
    decamelize "^1.2.0"
    find-up "^3.0.0"
    get-caller-file "^2.0.1"
    require-directory "^2.1.1"
    require-main-filename "^2.0.0"
    set-blocking "^2.0.0"
    string-width "^3.0.0"
    which-module "^2.0.0"
    y18n "^4.0.0"
    yargs-parser "^15.0.1"
